// !$*UTF8*$!
{
	archiveVersion = 1;
	classes = {
	};
	objectVersion = 46;
	objects = {

/* Begin PBXBuildFile section */
		3F0DA3CE1D22E5DD00CC3C5B /* CarrinhoViewController.swift in Sources */ = {isa = PBXBuildFile; fileRef = 3F0DA3CC1D22E5DD00CC3C5B /* CarrinhoViewController.swift */; };
		3F0DA3CF1D22E5DD00CC3C5B /* ItensCartViewCell.swift in Sources */ = {isa = PBXBuildFile; fileRef = 3F0DA3CD1D22E5DD00CC3C5B /* ItensCartViewCell.swift */; };
		3F0DA3DE1D22F52300CC3C5B /* Pedidos+CoreDataProperties.swift in Sources */ = {isa = PBXBuildFile; fileRef = 3F0DA3D41D22F52300CC3C5B /* Pedidos+CoreDataProperties.swift */; };
		3F0DA3DF1D22F52300CC3C5B /* Pedidos.swift in Sources */ = {isa = PBXBuildFile; fileRef = 3F0DA3D51D22F52300CC3C5B /* Pedidos.swift */; };
		3F0DA3E01D22F52300CC3C5B /* Usuarios+CoreDataProperties.swift in Sources */ = {isa = PBXBuildFile; fileRef = 3F0DA3D61D22F52300CC3C5B /* Usuarios+CoreDataProperties.swift */; };
		3F0DA3E11D22F52300CC3C5B /* Usuarios.swift in Sources */ = {isa = PBXBuildFile; fileRef = 3F0DA3D71D22F52300CC3C5B /* Usuarios.swift */; };
		3F0DA3E21D22F52300CC3C5B /* ProdutosPedidos+CoreDataProperties.swift in Sources */ = {isa = PBXBuildFile; fileRef = 3F0DA3D81D22F52300CC3C5B /* ProdutosPedidos+CoreDataProperties.swift */; };
		3F0DA3E31D22F52300CC3C5B /* ProdutosPedidos.swift in Sources */ = {isa = PBXBuildFile; fileRef = 3F0DA3D91D22F52300CC3C5B /* ProdutosPedidos.swift */; };
		3F0DA3E41D22F52300CC3C5B /* Restaurantes+CoreDataProperties.swift in Sources */ = {isa = PBXBuildFile; fileRef = 3F0DA3DA1D22F52300CC3C5B /* Restaurantes+CoreDataProperties.swift */; };
		3F0DA3E51D22F52300CC3C5B /* Restaurantes.swift in Sources */ = {isa = PBXBuildFile; fileRef = 3F0DA3DB1D22F52300CC3C5B /* Restaurantes.swift */; };
		3F0DA3E61D22F52300CC3C5B /* Produtos+CoreDataProperties.swift in Sources */ = {isa = PBXBuildFile; fileRef = 3F0DA3DC1D22F52300CC3C5B /* Produtos+CoreDataProperties.swift */; };
		3F0DA3E71D22F52300CC3C5B /* Produtos.swift in Sources */ = {isa = PBXBuildFile; fileRef = 3F0DA3DD1D22F52300CC3C5B /* Produtos.swift */; };
		3FA165B11D219E400016EC67 /* PratosCell.swift in Sources */ = {isa = PBXBuildFile; fileRef = 3FA165B01D219E400016EC67 /* PratosCell.swift */; };
		3FA165B41D219E780016EC67 /* PratosViewController.swift in Sources */ = {isa = PBXBuildFile; fileRef = 3FA165B31D219E780016EC67 /* PratosViewController.swift */; };
		3FB36E551D1DCAB200119DDA /* AppDelegate.swift in Sources */ = {isa = PBXBuildFile; fileRef = 3FB36E541D1DCAB200119DDA /* AppDelegate.swift */; };
		3FB36E571D1DCAB200119DDA /* ViewController.swift in Sources */ = {isa = PBXBuildFile; fileRef = 3FB36E561D1DCAB200119DDA /* ViewController.swift */; };
		3FB36E5A1D1DCAB200119DDA /* Main.storyboard in Resources */ = {isa = PBXBuildFile; fileRef = 3FB36E581D1DCAB200119DDA /* Main.storyboard */; };
		3FB36E5D1D1DCAB200119DDA /* universitariosFamintos.xcdatamodeld in Sources */ = {isa = PBXBuildFile; fileRef = 3FB36E5B1D1DCAB200119DDA /* universitariosFamintos.xcdatamodeld */; };
		3FB36E5F1D1DCAB200119DDA /* Assets.xcassets in Resources */ = {isa = PBXBuildFile; fileRef = 3FB36E5E1D1DCAB200119DDA /* Assets.xcassets */; };
		3FB36E621D1DCAB200119DDA /* LaunchScreen.storyboard in Resources */ = {isa = PBXBuildFile; fileRef = 3FB36E601D1DCAB200119DDA /* LaunchScreen.storyboard */; };
/* End PBXBuildFile section */

/* Begin PBXFileReference section */
		3F0DA3CC1D22E5DD00CC3C5B /* CarrinhoViewController.swift */ = {isa = PBXFileReference; fileEncoding = 4; lastKnownFileType = sourcecode.swift; path = CarrinhoViewController.swift; sourceTree = "<group>"; };
		3F0DA3CD1D22E5DD00CC3C5B /* ItensCartViewCell.swift */ = {isa = PBXFileReference; fileEncoding = 4; lastKnownFileType = sourcecode.swift; path = ItensCartViewCell.swift; sourceTree = "<group>"; };
		3F0DA3D41D22F52300CC3C5B /* Pedidos+CoreDataProperties.swift */ = {isa = PBXFileReference; fileEncoding = 4; lastKnownFileType = sourcecode.swift; name = "Pedidos+CoreDataProperties.swift"; path = "../Pedidos+CoreDataProperties.swift"; sourceTree = "<group>"; };
		3F0DA3D51D22F52300CC3C5B /* Pedidos.swift */ = {isa = PBXFileReference; fileEncoding = 4; lastKnownFileType = sourcecode.swift; name = Pedidos.swift; path = ../Pedidos.swift; sourceTree = "<group>"; };
		3F0DA3D61D22F52300CC3C5B /* Usuarios+CoreDataProperties.swift */ = {isa = PBXFileReference; fileEncoding = 4; lastKnownFileType = sourcecode.swift; name = "Usuarios+CoreDataProperties.swift"; path = "../Usuarios+CoreDataProperties.swift"; sourceTree = "<group>"; };
		3F0DA3D71D22F52300CC3C5B /* Usuarios.swift */ = {isa = PBXFileReference; fileEncoding = 4; lastKnownFileType = sourcecode.swift; name = Usuarios.swift; path = ../Usuarios.swift; sourceTree = "<group>"; };
		3F0DA3D81D22F52300CC3C5B /* ProdutosPedidos+CoreDataProperties.swift */ = {isa = PBXFileReference; fileEncoding = 4; lastKnownFileType = sourcecode.swift; name = "ProdutosPedidos+CoreDataProperties.swift"; path = "../ProdutosPedidos+CoreDataProperties.swift"; sourceTree = "<group>"; };
		3F0DA3D91D22F52300CC3C5B /* ProdutosPedidos.swift */ = {isa = PBXFileReference; fileEncoding = 4; lastKnownFileType = sourcecode.swift; name = ProdutosPedidos.swift; path = ../ProdutosPedidos.swift; sourceTree = "<group>"; };
		3F0DA3DA1D22F52300CC3C5B /* Restaurantes+CoreDataProperties.swift */ = {isa = PBXFileReference; fileEncoding = 4; lastKnownFileType = sourcecode.swift; name = "Restaurantes+CoreDataProperties.swift"; path = "../Restaurantes+CoreDataProperties.swift"; sourceTree = "<group>"; };
		3F0DA3DB1D22F52300CC3C5B /* Restaurantes.swift */ = {isa = PBXFileReference; fileEncoding = 4; lastKnownFileType = sourcecode.swift; name = Restaurantes.swift; path = ../Restaurantes.swift; sourceTree = "<group>"; };
		3F0DA3DC1D22F52300CC3C5B /* Produtos+CoreDataProperties.swift */ = {isa = PBXFileReference; fileEncoding = 4; lastKnownFileType = sourcecode.swift; name = "Produtos+CoreDataProperties.swift"; path = "../Produtos+CoreDataProperties.swift"; sourceTree = "<group>"; };
		3F0DA3DD1D22F52300CC3C5B /* Produtos.swift */ = {isa = PBXFileReference; fileEncoding = 4; lastKnownFileType = sourcecode.swift; name = Produtos.swift; path = ../Produtos.swift; sourceTree = "<group>"; };
		3FA165B01D219E400016EC67 /* PratosCell.swift */ = {isa = PBXFileReference; fileEncoding = 4; lastKnownFileType = sourcecode.swift; path = PratosCell.swift; sourceTree = "<group>"; };
		3FA165B31D219E780016EC67 /* PratosViewController.swift */ = {isa = PBXFileReference; fileEncoding = 4; lastKnownFileType = sourcecode.swift; path = PratosViewController.swift; sourceTree = "<group>"; };
		3FB36E511D1DCAB200119DDA /* universitariosFamintos.app */ = {isa = PBXFileReference; explicitFileType = wrapper.application; includeInIndex = 0; path = universitariosFamintos.app; sourceTree = BUILT_PRODUCTS_DIR; };
		3FB36E541D1DCAB200119DDA /* AppDelegate.swift */ = {isa = PBXFileReference; lastKnownFileType = sourcecode.swift; path = AppDelegate.swift; sourceTree = "<group>"; };
		3FB36E561D1DCAB200119DDA /* ViewController.swift */ = {isa = PBXFileReference; lastKnownFileType = sourcecode.swift; path = ViewController.swift; sourceTree = "<group>"; };
		3FB36E591D1DCAB200119DDA /* Base */ = {isa = PBXFileReference; lastKnownFileType = file.storyboard; name = Base; path = Base.lproj/Main.storyboard; sourceTree = "<group>"; };
		3FB36E5C1D1DCAB200119DDA /* universitariosFamintos.xcdatamodel */ = {isa = PBXFileReference; lastKnownFileType = wrapper.xcdatamodel; path = universitariosFamintos.xcdatamodel; sourceTree = "<group>"; };
		3FB36E5E1D1DCAB200119DDA /* Assets.xcassets */ = {isa = PBXFileReference; lastKnownFileType = folder.assetcatalog; path = Assets.xcassets; sourceTree = "<group>"; };
		3FB36E611D1DCAB200119DDA /* Base */ = {isa = PBXFileReference; lastKnownFileType = file.storyboard; name = Base; path = Base.lproj/LaunchScreen.storyboard; sourceTree = "<group>"; };
		3FB36E631D1DCAB200119DDA /* Info.plist */ = {isa = PBXFileReference; lastKnownFileType = text.plist.xml; path = Info.plist; sourceTree = "<group>"; };
/* End PBXFileReference section */

/* Begin PBXFrameworksBuildPhase section */
		3FB36E4E1D1DCAB200119DDA /* Frameworks */ = {
			isa = PBXFrameworksBuildPhase;
			buildActionMask = 2147483647;
			files = (
			);
			runOnlyForDeploymentPostprocessing = 0;
		};
/* End PBXFrameworksBuildPhase section */

/* Begin PBXGroup section */
		3F0DA3D01D22F3E600CC3C5B /* VO */ = {
			isa = PBXGroup;
			children = (
				3F0DA3D41D22F52300CC3C5B /* Pedidos+CoreDataProperties.swift */,
				3F0DA3D51D22F52300CC3C5B /* Pedidos.swift */,
				3F0DA3D61D22F52300CC3C5B /* Usuarios+CoreDataProperties.swift */,
				3F0DA3D71D22F52300CC3C5B /* Usuarios.swift */,
				3F0DA3D81D22F52300CC3C5B /* ProdutosPedidos+CoreDataProperties.swift */,
				3F0DA3D91D22F52300CC3C5B /* ProdutosPedidos.swift */,
				3F0DA3DA1D22F52300CC3C5B /* Restaurantes+CoreDataProperties.swift */,
				3F0DA3DB1D22F52300CC3C5B /* Restaurantes.swift */,
				3F0DA3DC1D22F52300CC3C5B /* Produtos+CoreDataProperties.swift */,
				3F0DA3DD1D22F52300CC3C5B /* Produtos.swift */,
			);
			name = VO;
			sourceTree = "<group>";
		};
		3F0DA3D11D22F3EE00CC3C5B /* DAO */ = {
			isa = PBXGroup;
			children = (
			);
			name = DAO;
			sourceTree = "<group>";
		};
		3FA165AD1D2196650016EC67 /* View */ = {
			isa = PBXGroup;
			children = (
				3FB36E581D1DCAB200119DDA /* Main.storyboard */,
				3FB36E601D1DCAB200119DDA /* LaunchScreen.storyboard */,
			);
			name = View;
			sourceTree = "<group>";
		};
		3FA165AE1D2196840016EC67 /* Controller */ = {
			isa = PBXGroup;
			children = (
				3F0DA3CC1D22E5DD00CC3C5B /* CarrinhoViewController.swift */,
				3FB36E561D1DCAB200119DDA /* ViewController.swift */,
				3FA165B31D219E780016EC67 /* PratosViewController.swift */,
			);
			name = Controller;
			sourceTree = "<group>";
		};
		3FA165AF1D2196FE0016EC67 /* CoreData */ = {
			isa = PBXGroup;
			children = (
				3F0DA3D11D22F3EE00CC3C5B /* DAO */,
				3F0DA3D01D22F3E600CC3C5B /* VO */,
			);
			name = CoreData;
			sourceTree = "<group>";
		};
		3FA165B21D219E4C0016EC67 /* Cell */ = {
			isa = PBXGroup;
			children = (
				3F0DA3CD1D22E5DD00CC3C5B /* ItensCartViewCell.swift */,
				3FA165B01D219E400016EC67 /* PratosCell.swift */,
			);
			name = Cell;
			sourceTree = "<group>";
		};
		3FB36E481D1DCAB200119DDA = {
			isa = PBXGroup;
			children = (
				3FB36E531D1DCAB200119DDA /* universitariosFamintos */,
				3FB36E521D1DCAB200119DDA /* Products */,
			);
			sourceTree = "<group>";
		};
		3FB36E521D1DCAB200119DDA /* Products */ = {
			isa = PBXGroup;
			children = (
				3FB36E511D1DCAB200119DDA /* universitariosFamintos.app */,
			);
			name = Products;
			sourceTree = "<group>";
		};
		3FB36E531D1DCAB200119DDA /* universitariosFamintos */ = {
			isa = PBXGroup;
			children = (
				3FA165AF1D2196FE0016EC67 /* CoreData */,
				3FA165AE1D2196840016EC67 /* Controller */,
				3FA165AD1D2196650016EC67 /* View */,
				3FB36E5E1D1DCAB200119DDA /* Assets.xcassets */,
				3FB36E541D1DCAB200119DDA /* AppDelegate.swift */,
				3FA165B21D219E4C0016EC67 /* Cell */,
				3FB36E631D1DCAB200119DDA /* Info.plist */,
				3FB36E5B1D1DCAB200119DDA /* universitariosFamintos.xcdatamodeld */,
			);
			path = universitariosFamintos;
			sourceTree = "<group>";
		};
/* End PBXGroup section */

/* Begin PBXNativeTarget section */
		3FB36E501D1DCAB200119DDA /* universitariosFamintos */ = {
			isa = PBXNativeTarget;
			buildConfigurationList = 3FB36E661D1DCAB200119DDA /* Build configuration list for PBXNativeTarget "universitariosFamintos" */;
			buildPhases = (
				3FB36E4D1D1DCAB200119DDA /* Sources */,
				3FB36E4E1D1DCAB200119DDA /* Frameworks */,
				3FB36E4F1D1DCAB200119DDA /* Resources */,
			);
			buildRules = (
			);
			dependencies = (
			);
			name = universitariosFamintos;
			productName = universitariosFamintos;
			productReference = 3FB36E511D1DCAB200119DDA /* universitariosFamintos.app */;
			productType = "com.apple.product-type.application";
		};
/* End PBXNativeTarget section */

/* Begin PBXProject section */
		3FB36E491D1DCAB200119DDA /* Project object */ = {
			isa = PBXProject;
			attributes = {
				LastSwiftUpdateCheck = 0730;
				LastUpgradeCheck = 0730;
				ORGANIZATIONNAME = Chamer;
				TargetAttributes = {
					3FB36E501D1DCAB200119DDA = {
						CreatedOnToolsVersion = 7.3.1;
					};
				};
			};
			buildConfigurationList = 3FB36E4C1D1DCAB200119DDA /* Build configuration list for PBXProject "universitariosFamintos" */;
			compatibilityVersion = "Xcode 3.2";
			developmentRegion = English;
			hasScannedForEncodings = 0;
			knownRegions = (
				en,
				Base,
			);
			mainGroup = 3FB36E481D1DCAB200119DDA;
			productRefGroup = 3FB36E521D1DCAB200119DDA /* Products */;
			projectDirPath = "";
			projectRoot = "";
			targets = (
				3FB36E501D1DCAB200119DDA /* universitariosFamintos */,
			);
		};
/* End PBXProject section */

/* Begin PBXResourcesBuildPhase section */
		3FB36E4F1D1DCAB200119DDA /* Resources */ = {
			isa = PBXResourcesBuildPhase;
			buildActionMask = 2147483647;
			files = (
				3FB36E621D1DCAB200119DDA /* LaunchScreen.storyboard in Resources */,
				3FB36E5F1D1DCAB200119DDA /* Assets.xcassets in Resources */,
				3FB36E5A1D1DCAB200119DDA /* Main.storyboard in Resources */,
			);
			runOnlyForDeploymentPostprocessing = 0;
		};
/* End PBXResourcesBuildPhase section */

/* Begin PBXSourcesBuildPhase section */
		3FB36E4D1D1DCAB200119DDA /* Sources */ = {
			isa = PBXSourcesBuildPhase;
			buildActionMask = 2147483647;
			files = (
				3FA165B41D219E780016EC67 /* PratosViewController.swift in Sources */,
				3F0DA3CF1D22E5DD00CC3C5B /* ItensCartViewCell.swift in Sources */,
				3F0DA3E21D22F52300CC3C5B /* ProdutosPedidos+CoreDataProperties.swift in Sources */,
				3FA165B11D219E400016EC67 /* PratosCell.swift in Sources */,
				3F0DA3E41D22F52300CC3C5B /* Restaurantes+CoreDataProperties.swift in Sources */,
				3F0DA3E61D22F52300CC3C5B /* Produtos+CoreDataProperties.swift in Sources */,
				3F0DA3E51D22F52300CC3C5B /* Restaurantes.swift in Sources */,
				3F0DA3E31D22F52300CC3C5B /* ProdutosPedidos.swift in Sources */,
				3F0DA3E11D22F52300CC3C5B /* Usuarios.swift in Sources */,
				3FB36E571D1DCAB200119DDA /* ViewController.swift in Sources */,
				3F0DA3DE1D22F52300CC3C5B /* Pedidos+CoreDataProperties.swift in Sources */,
				3FB36E5D1D1DCAB200119DDA /* universitariosFamintos.xcdatamodeld in Sources */,
				3F0DA3CE1D22E5DD00CC3C5B /* CarrinhoViewController.swift in Sources */,
				3FB36E551D1DCAB200119DDA /* AppDelegate.swift in Sources */,
				3F0DA3E01D22F52300CC3C5B /* Usuarios+CoreDataProperties.swift in Sources */,
				3F0DA3DF1D22F52300CC3C5B /* Pedidos.swift in Sources */,
				3F0DA3E71D22F52300CC3C5B /* Produtos.swift in Sources */,
			);
			runOnlyForDeploymentPostprocessing = 0;
		};
/* End PBXSourcesBuildPhase section */

/* Begin PBXVariantGroup section */
		3FB36E581D1DCAB200119DDA /* Main.storyboard */ = {
			isa = PBXVariantGroup;
			children = (
				3FB36E591D1DCAB200119DDA /* Base */,
			);
			name = Main.storyboard;
			sourceTree = "<group>";
		};
		3FB36E601D1DCAB200119DDA /* LaunchScreen.storyboard */ = {
			isa = PBXVariantGroup;
			children = (
				3FB36E611D1DCAB200119DDA /* Base */,
			);
			name = LaunchScreen.storyboard;
			sourceTree = "<group>";
		};
/* End PBXVariantGroup section */

/* Begin XCBuildConfiguration section */
		3FB36E641D1DCAB200119DDA /* Debug */ = {
			isa = XCBuildConfiguration;
			buildSettings = {
				ALWAYS_SEARCH_USER_PATHS = NO;
				CLANG_ANALYZER_NONNULL = YES;
				CLANG_CXX_LANGUAGE_STANDARD = "gnu++0x";
				CLANG_CXX_LIBRARY = "libc++";
				CLANG_ENABLE_MODULES = YES;
				CLANG_ENABLE_OBJC_ARC = YES;
				CLANG_WARN_BOOL_CONVERSION = YES;
				CLANG_WARN_CONSTANT_CONVERSION = YES;
				CLANG_WARN_DIRECT_OBJC_ISA_USAGE = YES_ERROR;
				CLANG_WARN_EMPTY_BODY = YES;
				CLANG_WARN_ENUM_CONVERSION = YES;
				CLANG_WARN_INT_CONVERSION = YES;
				CLANG_WARN_OBJC_ROOT_CLASS = YES_ERROR;
				CLANG_WARN_UNREACHABLE_CODE = YES;
				CLANG_WARN__DUPLICATE_METHOD_MATCH = YES;
				"CODE_SIGN_IDENTITY[sdk=iphoneos*]" = "iPhone Developer";
				COPY_PHASE_STRIP = NO;
				DEBUG_INFORMATION_FORMAT = dwarf;
				ENABLE_STRICT_OBJC_MSGSEND = YES;
				ENABLE_TESTABILITY = YES;
				GCC_C_LANGUAGE_STANDARD = gnu99;
				GCC_DYNAMIC_NO_PIC = NO;
				GCC_NO_COMMON_BLOCKS = YES;
				GCC_OPTIMIZATION_LEVEL = 0;
				GCC_PREPROCESSOR_DEFINITIONS = (
					"DEBUG=1",
					"$(inherited)",
				);
				GCC_WARN_64_TO_32_BIT_CONVERSION = YES;
				GCC_WARN_ABOUT_RETURN_TYPE = YES_ERROR;
				GCC_WARN_UNDECLARED_SELECTOR = YES;
				GCC_WARN_UNINITIALIZED_AUTOS = YES_AGGRESSIVE;
				GCC_WARN_UNUSED_FUNCTION = YES;
				GCC_WARN_UNUSED_VARIABLE = YES;
				IPHONEOS_DEPLOYMENT_TARGET = 9.3;
				MTL_ENABLE_DEBUG_INFO = YES;
				ONLY_ACTIVE_ARCH = YES;
				SDKROOT = iphoneos;
				SWIFT_OPTIMIZATION_LEVEL = "-Onone";
				TARGETED_DEVICE_FAMILY = "1,2";
			};
			name = Debug;
		};
		3FB36E651D1DCAB200119DDA /* Release */ = {
			isa = XCBuildConfiguration;
			buildSettings = {
				ALWAYS_SEARCH_USER_PATHS = NO;
				CLANG_ANALYZER_NONNULL = YES;
				CLANG_CXX_LANGUAGE_STANDARD = "gnu++0x";
				CLANG_CXX_LIBRARY = "libc++";
				CLANG_ENABLE_MODULES = YES;
				CLANG_ENABLE_OBJC_ARC = YES;
				CLANG_WARN_BOOL_CONVERSION = YES;
				CLANG_WARN_CONSTANT_CONVERSION = YES;
				CLANG_WARN_DIRECT_OBJC_ISA_USAGE = YES_ERROR;
				CLANG_WARN_EMPTY_BODY = YES;
				CLANG_WARN_ENUM_CONVERSION = YES;
				CLANG_WARN_INT_CONVERSION = YES;
				CLANG_WARN_OBJC_ROOT_CLASS = YES_ERROR;
				CLANG_WARN_UNREACHABLE_CODE = YES;
				CLANG_WARN__DUPLICATE_METHOD_MATCH = YES;
				"CODE_SIGN_IDENTITY[sdk=iphoneos*]" = "iPhone Developer";
				COPY_PHASE_STRIP = NO;
				DEBUG_INFORMATION_FORMAT = "dwarf-with-dsym";
				ENABLE_NS_ASSERTIONS = NO;
				ENABLE_STRICT_OBJC_MSGSEND = YES;
				GCC_C_LANGUAGE_STANDARD = gnu99;
				GCC_NO_COMMON_BLOCKS = YES;
				GCC_WARN_64_TO_32_BIT_CONVERSION = YES;
				GCC_WARN_ABOUT_RETURN_TYPE = YES_ERROR;
				GCC_WARN_UNDECLARED_SELECTOR = YES;
				GCC_WARN_UNINITIALIZED_AUTOS = YES_AGGRESSIVE;
				GCC_WARN_UNUSED_FUNCTION = YES;
				GCC_WARN_UNUSED_VARIABLE = YES;
				IPHONEOS_DEPLOYMENT_TARGET = 9.3;
				MTL_ENABLE_DEBUG_INFO = NO;
				SDKROOT = iphoneos;
				TARGETED_DEVICE_FAMILY = "1,2";
				VALIDATE_PRODUCT = YES;
			};
			name = Release;
		};
		3FB36E671D1DCAB200119DDA /* Debug */ = {
			isa = XCBuildConfiguration;
			buildSettings = {
				ASSETCATALOG_COMPILER_APPICON_NAME = AppIcon;
				INFOPLIST_FILE = universitariosFamintos/Info.plist;
				LD_RUNPATH_SEARCH_PATHS = "$(inherited) @executable_path/Frameworks";
				PRODUCT_BUNDLE_IDENTIFIER = chamer.com.br.universitariosFamintos;
				PRODUCT_NAME = "$(TARGET_NAME)";
			};
			name = Debug;
		};
		3FB36E681D1DCAB200119DDA /* Release */ = {
			isa = XCBuildConfiguration;
			buildSettings = {
				ASSETCATALOG_COMPILER_APPICON_NAME = AppIcon;
				INFOPLIST_FILE = universitariosFamintos/Info.plist;
				LD_RUNPATH_SEARCH_PATHS = "$(inherited) @executable_path/Frameworks";
				PRODUCT_BUNDLE_IDENTIFIER = chamer.com.br.universitariosFamintos;
				PRODUCT_NAME = "$(TARGET_NAME)";
			};
			name = Release;
		};
/* End XCBuildConfiguration section */

/* Begin XCConfigurationList section */
		3FB36E4C1D1DCAB200119DDA /* Build configuration list for PBXProject "universitariosFamintos" */ = {
			isa = XCConfigurationList;
			buildConfigurations = (
				3FB36E641D1DCAB200119DDA /* Debug */,
				3FB36E651D1DCAB200119DDA /* Release */,
			);
			defaultConfigurationIsVisible = 0;
			defaultConfigurationName = Release;
		};
		3FB36E661D1DCAB200119DDA /* Build configuration list for PBXNativeTarget "universitariosFamintos" */ = {
			isa = XCConfigurationList;
			buildConfigurations = (
				3FB36E671D1DCAB200119DDA /* Debug */,
				3FB36E681D1DCAB200119DDA /* Release */,
			);
			defaultConfigurationIsVisible = 0;
			defaultConfigurationName = Release;
		};
/* End XCConfigurationList section */

/* Begin XCVersionGroup section */
		3FB36E5B1D1DCAB200119DDA /* universitariosFamintos.xcdatamodeld */ = {
			isa = XCVersionGroup;
			children = (
				3FB36E5C1D1DCAB200119DDA /* universitariosFamintos.xcdatamodel */,
			);
			currentVersion = 3FB36E5C1D1DCAB200119DDA /* universitariosFamintos.xcdatamodel */;
			path = universitariosFamintos.xcdatamodeld;
			sourceTree = "<group>";
			versionGroupType = wrapper.xcdatamodel;
		};
/* End XCVersionGroup section */
	};
	rootObject = 3FB36E491D1DCAB200119DDA /* Project object */;
}
